
Microsoft Visual Studio Solution File, Format Version 12.00
# Visual Studio Version 16
VisualStudioVersion = 16.0.32106.194
MinimumVisualStudioVersion = 10.0.40219.1
Project("{9A19103F-16F7-4668-BE54-9A1E7A4F7556}") = "aspnetserver", "aspnetserver\aspnetserver.csproj", "{944E16A4-B70A-4AD1-A067-A1783095F6A2}"
EndProject
Project("{2150E333-8FDC-42A3-9474-1A3956D46DE8}") = "Solution Items", "Solution Items", "{9CE1334F-1D04-4226-B230-B7E6C1B98764}"
	ProjectSection(SolutionItems) = preProject
		.editorconfig = .editorconfig
	EndProjectSection
EndProject
Project("{FAE04EC0-301F-11D3-BF4B-00C04F79EFBC}") = "DownloadCards", "DownloadCards\DownloadCards.csproj", "{4176D411-76AA-419B-B7F6-405567848329}"
EndProject
Global
	GlobalSection(SolutionConfigurationPlatforms) = preSolution
		Debug|Any CPU = Debug|Any CPU
		Release|Any CPU = Release|Any CPU
	EndGlobalSection
	GlobalSection(ProjectConfigurationPlatforms) = postSolution
		{944E16A4-B70A-4AD1-A067-A1783095F6A2}.Debug|Any CPU.ActiveCfg = Debug|Any CPU
		{944E16A4-B70A-4AD1-A067-A1783095F6A2}.Debug|Any CPU.Build.0 = Debug|Any CPU
		{944E16A4-B70A-4AD1-A067-A1783095F6A2}.Release|Any CPU.ActiveCfg = Release|Any CPU
		{944E16A4-B70A-4AD1-A067-A1783095F6A2}.Release|Any CPU.Build.0 = Release|Any CPU
		{4176D411-76AA-419B-B7F6-405567848329}.Debug|Any CPU.ActiveCfg = Debug|Any CPU
		{4176D411-76AA-419B-B7F6-405567848329}.Debug|Any CPU.Build.0 = Debug|Any CPU
		{4176D411-76AA-419B-B7F6-405567848329}.Release|Any CPU.ActiveCfg = Release|Any CPU
		{4176D411-76AA-419B-B7F6-405567848329}.Release|Any CPU.Build.0 = Release|Any CPU
	EndGlobalSection
	GlobalSection(SolutionProperties) = preSolution
		HideSolutionNode = FALSE
	EndGlobalSection
	GlobalSection(ExtensibilityGlobals) = postSolution
		SolutionGuid = {1C95F78D-C6AE-4EFC-A63A-2467E93AF838}
	EndGlobalSection
EndGlobal
